// !$*UTF8*$!
{
	archiveVersion = 1;
	classes = {
	};
	objectVersion = 77;
	objects = {

/* Begin PBXBuildFile section */
		07E7F32B3857ED215DE59FBE /* MLXLLM in Frameworks */ = {isa = PBXBuildFile; productRef = ED2F325EF8FEEC5B4FB93218 /* MLXLLM */; };
		0BF44BB80A5BA8A339D559A4 /* DocumentPickerView.swift in Sources */ = {isa = PBXBuildFile; fileRef = 19485AF578580DA0D0B6CD6B /* DocumentPickerView.swift */; };
		0EA746FBCFF68C5F633ED0FA /* EmailComposerCoordinator.swift in Sources */ = {isa = PBXBuildFile; fileRef = 2F41109C84258340BDDCCC58 /* EmailComposerCoordinator.swift */; };
		133D3EDA99E8A90950289E92 /* DocumentService.swift in Sources */ = {isa = PBXBuildFile; fileRef = 9DB34A0BA0B6247F455E7DDC /* DocumentService.swift */; };
		138B41844C344BD8E12ED3CB /* JarvisTheme.swift in Sources */ = {isa = PBXBuildFile; fileRef = 81F8A1C90237DBD41A5BA8BF /* JarvisTheme.swift */; };
		15F0DA220592964414581BE6 /* VisionService.swift in Sources */ = {isa = PBXBuildFile; fileRef = CBEE61F8DB9D9D9AC8F89CC0 /* VisionService.swift */; };
		15F7DFF656BD6EE4C839A9E5 /* ModelDownloadView.swift in Sources */ = {isa = PBXBuildFile; fileRef = 36CBF3A331A0BBF5823EE8C0 /* ModelDownloadView.swift */; };
		16CCE5916005E445CD69E3A0 /* DocumentServiceEnvironment.swift in Sources */ = {isa = PBXBuildFile; fileRef = 87EE384DA256C0C4EEA8B6AA /* DocumentServiceEnvironment.swift */; };
		180922CF90CCD136C784FE3E /* JarvisHeader.swift in Sources */ = {isa = PBXBuildFile; fileRef = 8D26EF0B9067252FC55BCBB4 /* JarvisHeader.swift */; };
		19967055A59C652EA40CA09A /* DocumentListView.swift in Sources */ = {isa = PBXBuildFile; fileRef = 2B9AE61C4B710AC3F12B3332 /* DocumentListView.swift */; };
		23C6774D0013807D7FF36AC1 /* MemoryService.swift in Sources */ = {isa = PBXBuildFile; fileRef = 214E51309EC1F3CDA5C3B2DB /* MemoryService.swift */; };
		277766E046DBB597B6F2BFF7 /* CalendarTool.swift in Sources */ = {isa = PBXBuildFile; fileRef = 3B1DA301C4CA69F43E3E2C79 /* CalendarTool.swift */; };
		282EFC1771C6C1519A4D7AA4 /* ImagePickerView.swift in Sources */ = {isa = PBXBuildFile; fileRef = 901629C84C189F2D805B2E35 /* ImagePickerView.swift */; };
		31AD6179BBB7C8BF1D280203 /* DocumentScannerView.swift in Sources */ = {isa = PBXBuildFile; fileRef = B3593DD3273B37DE7E66C9DD /* DocumentScannerView.swift */; };
		371665BF153560F5DD787489 /* LLMService.swift in Sources */ = {isa = PBXBuildFile; fileRef = 5051B58B4D9BD7E94DD9C8A0 /* LLMService.swift */; };
		3727E186691CADB01AC700E5 /* DocumentShareCoordinator.swift in Sources */ = {isa = PBXBuildFile; fileRef = 6D65EF0FDDB71CAADF35D8AF /* DocumentShareCoordinator.swift */; };
		38E68D74FA538312D32BD8EE /* DocumentParser.swift in Sources */ = {isa = PBXBuildFile; fileRef = 7205EF2002CB0EBD57C30732 /* DocumentParser.swift */; };
		41EB2899BEAFC4FF0DFADB03 /* EmbeddingService.swift in Sources */ = {isa = PBXBuildFile; fileRef = D7BDD8CA3DDA7016F15C4B54 /* EmbeddingService.swift */; };
		5108339F016F9002AA9AACCF /* AudioTool.swift in Sources */ = {isa = PBXBuildFile; fileRef = 774BFC0DD99186C2B83C733C /* AudioTool.swift */; };
		5386C84075EBD89BA2B6F46A /* ContentView.swift in Sources */ = {isa = PBXBuildFile; fileRef = 54BA3851E3D6DFA92BE9FD98 /* ContentView.swift */; };
		557FCB25CD34338A3935F94C /* JarvisEngine.swift in Sources */ = {isa = PBXBuildFile; fileRef = A3A746C7B2DCC3519B1562C1 /* JarvisEngine.swift */; };
		59EABDA8C51664C693C5E757 /* DocumentCreationService.swift in Sources */ = {isa = PBXBuildFile; fileRef = B3420751E02D12CD0CD0B2EC /* DocumentCreationService.swift */; };
		5D360C65E80E66CF42AF2035 /* MemoryTool.swift in Sources */ = {isa = PBXBuildFile; fileRef = FFE9654DA1CD3F16BFC35853 /* MemoryTool.swift */; };
		5E25349CC3262A18DE554A01 /* JarvisApp.swift in Sources */ = {isa = PBXBuildFile; fileRef = BD65447B9E4C38A85B4132FD /* JarvisApp.swift */; };
		5EC48A7BDAD43662F0DBDE6A /* EmailComposerView.swift in Sources */ = {isa = PBXBuildFile; fileRef = D654D38FBE6B04E4F2876A21 /* EmailComposerView.swift */; };
		5F54B61BC23552E2E2FACD69 /* LocationTool.swift in Sources */ = {isa = PBXBuildFile; fileRef = 5880132E2174578548FB2932 /* LocationTool.swift */; };
		6085D4A2AD210B0614B4680D /* MessageBubble.swift in Sources */ = {isa = PBXBuildFile; fileRef = EFF97E7296E13043FF773810 /* MessageBubble.swift */; };
		61322F59A31B63872D6B778E /* DocumentTool.swift in Sources */ = {isa = PBXBuildFile; fileRef = 75DB85FE671679CC79171479 /* DocumentTool.swift */; };
		68B252B669C7C30FECF5D542 /* ZipBuilder.swift in Sources */ = {isa = PBXBuildFile; fileRef = D62996A8B9CC31A82937FA93 /* ZipBuilder.swift */; };
		6D3E7C32422D78969D65AE92 /* Conversation.swift in Sources */ = {isa = PBXBuildFile; fileRef = 2E118EAE0DD05B5107F53A0C /* Conversation.swift */; };
		711099D8C4BDC4E61ABC95E7 /* ImageTool.swift in Sources */ = {isa = PBXBuildFile; fileRef = DC5D34E3563841F9E2F2E451 /* ImageTool.swift */; };
		72EAB692F9EC0E43F53F5A08 /* ConversationDetailView.swift in Sources */ = {isa = PBXBuildFile; fileRef = 71DFB1B2299B73CC8B1B6883 /* ConversationDetailView.swift */; };
		7612B4F800909A33E114278D /* JarvisShortcuts.swift in Sources */ = {isa = PBXBuildFile; fileRef = 4D1F058C5A3B3A7D2CF8CDBF /* JarvisShortcuts.swift */; };
		7D36750BFAD66DEF63488479 /* VoiceButton.swift in Sources */ = {isa = PBXBuildFile; fileRef = 75215A3F3CE863FAF3C4B754 /* VoiceButton.swift */; };
		7F0D20DCEFD8DBC4DBA7E327 /* Message.swift in Sources */ = {isa = PBXBuildFile; fileRef = F173FBFAFC49B5F289E37163 /* Message.swift */; };
		7F8B70C66C8A1F09AD4A26C6 /* TimeTool.swift in Sources */ = {isa = PBXBuildFile; fileRef = 49DA0E59907EE7697EAA3F9A /* TimeTool.swift */; };
		7FC97AC7FFDE6B6C4603CEC3 /* ReminderTool.swift in Sources */ = {isa = PBXBuildFile; fileRef = A84C88D26C98CAFBFB9FD3F6 /* ReminderTool.swift */; };
		85C635DDCEC094883E8B9740 /* MemoryFact.swift in Sources */ = {isa = PBXBuildFile; fileRef = 059706D167AE90161AE2E017 /* MemoryFact.swift */; };
		A35FE976E6991768E720D34A /* ChatView.swift in Sources */ = {isa = PBXBuildFile; fileRef = 52C97D9D656CE3FB017FE70C /* ChatView.swift */; };
		A3DC4263CF9E316AA537EE08 /* AudioTranscriptionService.swift in Sources */ = {isa = PBXBuildFile; fileRef = 28974BE41C22B2470446198F /* AudioTranscriptionService.swift */; };
		AB2B1311C63A0BC05EF77A28 /* QuestionEntity.swift in Sources */ = {isa = PBXBuildFile; fileRef = E1BD695A113C39A649765F66 /* QuestionEntity.swift */; };
		AC79B7F75D178940193FEAFB /* SpeechService.swift in Sources */ = {isa = PBXBuildFile; fileRef = BFBEA5D7B2A53A1A4477DCF0 /* SpeechService.swift */; };
		B5C2393CF15932B00485F875 /* SettingsView.swift in Sources */ = {isa = PBXBuildFile; fileRef = 34B6FF0D28D719E0B3F6E42F /* SettingsView.swift */; };
		B7827A91203E5732CF30B6E7 /* WebSearchTool.swift in Sources */ = {isa = PBXBuildFile; fileRef = 3D3E2BA418958C95D9109295 /* WebSearchTool.swift */; };
		C4E177E9BAC77F62A21FAECF /* ImagePickerCoordinator.swift in Sources */ = {isa = PBXBuildFile; fileRef = 7F490BBB2A547579EF1D4DC2 /* ImagePickerCoordinator.swift */; };
		CA44640F5F81EFA3EF44C322 /* ContextCompactor.swift in Sources */ = {isa = PBXBuildFile; fileRef = 54257962ECDB8BF018F3E696 /* ContextCompactor.swift */; };
		D0B9ECBC49DCA5C8F500DD9A /* VectorStore.swift in Sources */ = {isa = PBXBuildFile; fileRef = 4C71ECF4A58C825201C44F8A /* VectorStore.swift */; };
		D28EF35C96CC935E3F68725D /* EmailTool.swift in Sources */ = {isa = PBXBuildFile; fileRef = C33F6113F53C2CAE604C9310 /* EmailTool.swift */; };
		DAB9C1611BEB7110D794290B /* Document.swift in Sources */ = {isa = PBXBuildFile; fileRef = DC501568DE5F36BD170337FE /* Document.swift */; };
		DDC9BDB2FF483E4EDFDF7F96 /* WebSearchService.swift in Sources */ = {isa = PBXBuildFile; fileRef = 3B2456C7B4EDF31DAF3B889D /* WebSearchService.swift */; };
		DDD5EB2D0668FC5DB09FED11 /* AudioPickerView.swift in Sources */ = {isa = PBXBuildFile; fileRef = EBFA80BD6EA3F3604BC84335 /* AudioPickerView.swift */; };
		DEB6ABCF6D7C493F0B40CB20 /* ActivityView.swift in Sources */ = {isa = PBXBuildFile; fileRef = 91D51D624A163F1785F8519A /* ActivityView.swift */; };
		DF6EC4DD8D8A029748F382AE /* MLXLMCommon in Frameworks */ = {isa = PBXBuildFile; productRef = 57C1372CE597D71C2D59AD2A /* MLXLMCommon */; };
		E0DA5A93571D592CA0E055B9 /* ChunkingService.swift in Sources */ = {isa = PBXBuildFile; fileRef = C3A5646A4DD527EE31619A76 /* ChunkingService.swift */; };
		E24F669D1A4FF6BAF39B80E5 /* ConversationListView.swift in Sources */ = {isa = PBXBuildFile; fileRef = 38FF8A90164BB1D9748E04F7 /* ConversationListView.swift */; };
		E8D11996E38C1FBAAC0DFCA2 /* AudioPickerCoordinator.swift in Sources */ = {isa = PBXBuildFile; fileRef = 19D9A4B6E0DD04B8C6F40270 /* AudioPickerCoordinator.swift */; };
		EA01A07593B83F776D9E2A5C /* ToolRouter.swift in Sources */ = {isa = PBXBuildFile; fileRef = AD3B0AAB3ABF8FCD9BA4851E /* ToolRouter.swift */; };
		EDCBDADAA74918C8DBC039DA /* ToolDefinition.swift in Sources */ = {isa = PBXBuildFile; fileRef = A649D3BF93F723817FE14125 /* ToolDefinition.swift */; };
		F19D81EBA332CF268E1F20D2 /* ThinkingIndicator.swift in Sources */ = {isa = PBXBuildFile; fileRef = 170B79DF1A4BE13683A631F3 /* ThinkingIndicator.swift */; };
		F43FCEAE7D915F9F9BAD308C /* DocumentCreationTool.swift in Sources */ = {isa = PBXBuildFile; fileRef = 67435A2C2EEA2F027D2B6C04 /* DocumentCreationTool.swift */; };
		F8E9590D40A0B88DD4FD712D /* MLXEmbedders in Frameworks */ = {isa = PBXBuildFile; productRef = 42CA3C53783E6329165530EA /* MLXEmbedders */; };
		FA408923FAEC4E7870E46883 /* AskJarvisIntent.swift in Sources */ = {isa = PBXBuildFile; fileRef = A9C777221358A787040170E3 /* AskJarvisIntent.swift */; };
/* End PBXBuildFile section */

/* Begin PBXFileReference section */
		059706D167AE90161AE2E017 /* MemoryFact.swift */ = {isa = PBXFileReference; lastKnownFileType = sourcecode.swift; path = MemoryFact.swift; sourceTree = "<group>"; };
		170B79DF1A4BE13683A631F3 /* ThinkingIndicator.swift */ = {isa = PBXFileReference; lastKnownFileType = sourcecode.swift; path = ThinkingIndicator.swift; sourceTree = "<group>"; };
		19485AF578580DA0D0B6CD6B /* DocumentPickerView.swift */ = {isa = PBXFileReference; lastKnownFileType = sourcecode.swift; path = DocumentPickerView.swift; sourceTree = "<group>"; };
		19D9A4B6E0DD04B8C6F40270 /* AudioPickerCoordinator.swift */ = {isa = PBXFileReference; lastKnownFileType = sourcecode.swift; path = AudioPickerCoordinator.swift; sourceTree = "<group>"; };
		214E51309EC1F3CDA5C3B2DB /* MemoryService.swift */ = {isa = PBXFileReference; lastKnownFileType = sourcecode.swift; path = MemoryService.swift; sourceTree = "<group>"; };
		28974BE41C22B2470446198F /* AudioTranscriptionService.swift */ = {isa = PBXFileReference; lastKnownFileType = sourcecode.swift; path = AudioTranscriptionService.swift; sourceTree = "<group>"; };
		2B9AE61C4B710AC3F12B3332 /* DocumentListView.swift */ = {isa = PBXFileReference; lastKnownFileType = sourcecode.swift; path = DocumentListView.swift; sourceTree = "<group>"; };
		2E118EAE0DD05B5107F53A0C /* Conversation.swift */ = {isa = PBXFileReference; lastKnownFileType = sourcecode.swift; path = Conversation.swift; sourceTree = "<group>"; };
		2F41109C84258340BDDCCC58 /* EmailComposerCoordinator.swift */ = {isa = PBXFileReference; lastKnownFileType = sourcecode.swift; path = EmailComposerCoordinator.swift; sourceTree = "<group>"; };
		34B6FF0D28D719E0B3F6E42F /* SettingsView.swift */ = {isa = PBXFileReference; lastKnownFileType = sourcecode.swift; path = SettingsView.swift; sourceTree = "<group>"; };
		36CBF3A331A0BBF5823EE8C0 /* ModelDownloadView.swift */ = {isa = PBXFileReference; lastKnownFileType = sourcecode.swift; path = ModelDownloadView.swift; sourceTree = "<group>"; };
		38FF8A90164BB1D9748E04F7 /* ConversationListView.swift */ = {isa = PBXFileReference; lastKnownFileType = sourcecode.swift; path = ConversationListView.swift; sourceTree = "<group>"; };
		3B1DA301C4CA69F43E3E2C79 /* CalendarTool.swift */ = {isa = PBXFileReference; lastKnownFileType = sourcecode.swift; path = CalendarTool.swift; sourceTree = "<group>"; };
		3B2456C7B4EDF31DAF3B889D /* WebSearchService.swift */ = {isa = PBXFileReference; lastKnownFileType = sourcecode.swift; path = WebSearchService.swift; sourceTree = "<group>"; };
		3D3E2BA418958C95D9109295 /* WebSearchTool.swift */ = {isa = PBXFileReference; lastKnownFileType = sourcecode.swift; path = WebSearchTool.swift; sourceTree = "<group>"; };
		427F7DCD7749159168D9DAAB /* Info.plist */ = {isa = PBXFileReference; lastKnownFileType = text.plist; path = Info.plist; sourceTree = "<group>"; };
		49DA0E59907EE7697EAA3F9A /* TimeTool.swift */ = {isa = PBXFileReference; lastKnownFileType = sourcecode.swift; path = TimeTool.swift; sourceTree = "<group>"; };
		4A352BDE39A07FA6C676F274 /* Jarvis.entitlements */ = {isa = PBXFileReference; lastKnownFileType = text.plist.entitlements; path = Jarvis.entitlements; sourceTree = "<group>"; };
		4C71ECF4A58C825201C44F8A /* VectorStore.swift */ = {isa = PBXFileReference; lastKnownFileType = sourcecode.swift; path = VectorStore.swift; sourceTree = "<group>"; };
		4D1F058C5A3B3A7D2CF8CDBF /* JarvisShortcuts.swift */ = {isa = PBXFileReference; lastKnownFileType = sourcecode.swift; path = JarvisShortcuts.swift; sourceTree = "<group>"; };
		5051B58B4D9BD7E94DD9C8A0 /* LLMService.swift */ = {isa = PBXFileReference; lastKnownFileType = sourcecode.swift; path = LLMService.swift; sourceTree = "<group>"; };
		52C97D9D656CE3FB017FE70C /* ChatView.swift */ = {isa = PBXFileReference; lastKnownFileType = sourcecode.swift; path = ChatView.swift; sourceTree = "<group>"; };
		54257962ECDB8BF018F3E696 /* ContextCompactor.swift */ = {isa = PBXFileReference; lastKnownFileType = sourcecode.swift; path = ContextCompactor.swift; sourceTree = "<group>"; };
		54BA3851E3D6DFA92BE9FD98 /* ContentView.swift */ = {isa = PBXFileReference; lastKnownFileType = sourcecode.swift; path = ContentView.swift; sourceTree = "<group>"; };
		5880132E2174578548FB2932 /* LocationTool.swift */ = {isa = PBXFileReference; lastKnownFileType = sourcecode.swift; path = LocationTool.swift; sourceTree = "<group>"; };
		67435A2C2EEA2F027D2B6C04 /* DocumentCreationTool.swift */ = {isa = PBXFileReference; lastKnownFileType = sourcecode.swift; path = DocumentCreationTool.swift; sourceTree = "<group>"; };
		6D65EF0FDDB71CAADF35D8AF /* DocumentShareCoordinator.swift */ = {isa = PBXFileReference; lastKnownFileType = sourcecode.swift; path = DocumentShareCoordinator.swift; sourceTree = "<group>"; };
		71DFB1B2299B73CC8B1B6883 /* ConversationDetailView.swift */ = {isa = PBXFileReference; lastKnownFileType = sourcecode.swift; path = ConversationDetailView.swift; sourceTree = "<group>"; };
		7205EF2002CB0EBD57C30732 /* DocumentParser.swift */ = {isa = PBXFileReference; lastKnownFileType = sourcecode.swift; path = DocumentParser.swift; sourceTree = "<group>"; };
		75215A3F3CE863FAF3C4B754 /* VoiceButton.swift */ = {isa = PBXFileReference; lastKnownFileType = sourcecode.swift; path = VoiceButton.swift; sourceTree = "<group>"; };
		75DB85FE671679CC79171479 /* DocumentTool.swift */ = {isa = PBXFileReference; lastKnownFileType = sourcecode.swift; path = DocumentTool.swift; sourceTree = "<group>"; };
		774BFC0DD99186C2B83C733C /* AudioTool.swift */ = {isa = PBXFileReference; lastKnownFileType = sourcecode.swift; path = AudioTool.swift; sourceTree = "<group>"; };
		7F490BBB2A547579EF1D4DC2 /* ImagePickerCoordinator.swift */ = {isa = PBXFileReference; lastKnownFileType = sourcecode.swift; path = ImagePickerCoordinator.swift; sourceTree = "<group>"; };
		81F8A1C90237DBD41A5BA8BF /* JarvisTheme.swift */ = {isa = PBXFileReference; lastKnownFileType = sourcecode.swift; path = JarvisTheme.swift; sourceTree = "<group>"; };
		87EE384DA256C0C4EEA8B6AA /* DocumentServiceEnvironment.swift */ = {isa = PBXFileReference; lastKnownFileType = sourcecode.swift; path = DocumentServiceEnvironment.swift; sourceTree = "<group>"; };
		8D26EF0B9067252FC55BCBB4 /* JarvisHeader.swift */ = {isa = PBXFileReference; lastKnownFileType = sourcecode.swift; path = JarvisHeader.swift; sourceTree = "<group>"; };
		901629C84C189F2D805B2E35 /* ImagePickerView.swift */ = {isa = PBXFileReference; lastKnownFileType = sourcecode.swift; path = ImagePickerView.swift; sourceTree = "<group>"; };
		91D51D624A163F1785F8519A /* ActivityView.swift */ = {isa = PBXFileReference; lastKnownFileType = sourcecode.swift; path = ActivityView.swift; sourceTree = "<group>"; };
		9DB34A0BA0B6247F455E7DDC /* DocumentService.swift */ = {isa = PBXFileReference; lastKnownFileType = sourcecode.swift; path = DocumentService.swift; sourceTree = "<group>"; };
		A3A746C7B2DCC3519B1562C1 /* JarvisEngine.swift */ = {isa = PBXFileReference; lastKnownFileType = sourcecode.swift; path = JarvisEngine.swift; sourceTree = "<group>"; };
		A649D3BF93F723817FE14125 /* ToolDefinition.swift */ = {isa = PBXFileReference; lastKnownFileType = sourcecode.swift; path = ToolDefinition.swift; sourceTree = "<group>"; };
		A84C88D26C98CAFBFB9FD3F6 /* ReminderTool.swift */ = {isa = PBXFileReference; lastKnownFileType = sourcecode.swift; path = ReminderTool.swift; sourceTree = "<group>"; };
		A9C777221358A787040170E3 /* AskJarvisIntent.swift */ = {isa = PBXFileReference; lastKnownFileType = sourcecode.swift; path = AskJarvisIntent.swift; sourceTree = "<group>"; };
		AD3B0AAB3ABF8FCD9BA4851E /* ToolRouter.swift */ = {isa = PBXFileReference; lastKnownFileType = sourcecode.swift; path = ToolRouter.swift; sourceTree = "<group>"; };
		B3420751E02D12CD0CD0B2EC /* DocumentCreationService.swift */ = {isa = PBXFileReference; lastKnownFileType = sourcecode.swift; path = DocumentCreationService.swift; sourceTree = "<group>"; };
		B3593DD3273B37DE7E66C9DD /* DocumentScannerView.swift */ = {isa = PBXFileReference; lastKnownFileType = sourcecode.swift; path = DocumentScannerView.swift; sourceTree = "<group>"; };
		BD65447B9E4C38A85B4132FD /* JarvisApp.swift */ = {isa = PBXFileReference; lastKnownFileType = sourcecode.swift; path = JarvisApp.swift; sourceTree = "<group>"; };
		BFBEA5D7B2A53A1A4477DCF0 /* SpeechService.swift */ = {isa = PBXFileReference; lastKnownFileType = sourcecode.swift; path = SpeechService.swift; sourceTree = "<group>"; };
		C33F6113F53C2CAE604C9310 /* EmailTool.swift */ = {isa = PBXFileReference; lastKnownFileType = sourcecode.swift; path = EmailTool.swift; sourceTree = "<group>"; };
		C3A5646A4DD527EE31619A76 /* ChunkingService.swift */ = {isa = PBXFileReference; lastKnownFileType = sourcecode.swift; path = ChunkingService.swift; sourceTree = "<group>"; };
		CBEE61F8DB9D9D9AC8F89CC0 /* VisionService.swift */ = {isa = PBXFileReference; lastKnownFileType = sourcecode.swift; path = VisionService.swift; sourceTree = "<group>"; };
		D62996A8B9CC31A82937FA93 /* ZipBuilder.swift */ = {isa = PBXFileReference; lastKnownFileType = sourcecode.swift; path = ZipBuilder.swift; sourceTree = "<group>"; };
		D654D38FBE6B04E4F2876A21 /* EmailComposerView.swift */ = {isa = PBXFileReference; lastKnownFileType = sourcecode.swift; path = EmailComposerView.swift; sourceTree = "<group>"; };
		D7BDD8CA3DDA7016F15C4B54 /* EmbeddingService.swift */ = {isa = PBXFileReference; lastKnownFileType = sourcecode.swift; path = EmbeddingService.swift; sourceTree = "<group>"; };
		DC501568DE5F36BD170337FE /* Document.swift */ = {isa = PBXFileReference; lastKnownFileType = sourcecode.swift; path = Document.swift; sourceTree = "<group>"; };
		DC5D34E3563841F9E2F2E451 /* ImageTool.swift */ = {isa = PBXFileReference; lastKnownFileType = sourcecode.swift; path = ImageTool.swift; sourceTree = "<group>"; };
		E1BD695A113C39A649765F66 /* QuestionEntity.swift */ = {isa = PBXFileReference; lastKnownFileType = sourcecode.swift; path = QuestionEntity.swift; sourceTree = "<group>"; };
		EBFA80BD6EA3F3604BC84335 /* AudioPickerView.swift */ = {isa = PBXFileReference; lastKnownFileType = sourcecode.swift; path = AudioPickerView.swift; sourceTree = "<group>"; };
		EFF97E7296E13043FF773810 /* MessageBubble.swift */ = {isa = PBXFileReference; lastKnownFileType = sourcecode.swift; path = MessageBubble.swift; sourceTree = "<group>"; };
		F173FBFAFC49B5F289E37163 /* Message.swift */ = {isa = PBXFileReference; lastKnownFileType = sourcecode.swift; path = Message.swift; sourceTree = "<group>"; };
		F2EA89B09E63D9954B6EA5A4 /* Jarvis.app */ = {isa = PBXFileReference; explicitFileType = wrapper.application; includeInIndex = 0; path = Jarvis.app; sourceTree = BUILT_PRODUCTS_DIR; };
		FFE9654DA1CD3F16BFC35853 /* MemoryTool.swift */ = {isa = PBXFileReference; lastKnownFileType = sourcecode.swift; path = MemoryTool.swift; sourceTree = "<group>"; };
/* End PBXFileReference section */

/* Begin PBXFrameworksBuildPhase section */
		886D43D159942AB5C149B33B /* Frameworks */ = {
			isa = PBXFrameworksBuildPhase;
			buildActionMask = 2147483647;
			files = (
				07E7F32B3857ED215DE59FBE /* MLXLLM in Frameworks */,
				DF6EC4DD8D8A029748F382AE /* MLXLMCommon in Frameworks */,
				F8E9590D40A0B88DD4FD712D /* MLXEmbedders in Frameworks */,
			);
			runOnlyForDeploymentPostprocessing = 0;
		};
/* End PBXFrameworksBuildPhase section */

/* Begin PBXGroup section */
		655EF0ED4FB88013C7C56117 /* Siri */ = {
			isa = PBXGroup;
			children = (
				A9C777221358A787040170E3 /* AskJarvisIntent.swift */,
				4D1F058C5A3B3A7D2CF8CDBF /* JarvisShortcuts.swift */,
				E1BD695A113C39A649765F66 /* QuestionEntity.swift */,
			);
			path = Siri;
			sourceTree = "<group>";
		};
		7370B301BC3824D8E135198C /* Products */ = {
			isa = PBXGroup;
			children = (
				F2EA89B09E63D9954B6EA5A4 /* Jarvis.app */,
			);
			name = Products;
			sourceTree = "<group>";
		};
		7C6463A30523FFEE2460D0DD /* Tools */ = {
			isa = PBXGroup;
			children = (
				774BFC0DD99186C2B83C733C /* AudioTool.swift */,
				3B1DA301C4CA69F43E3E2C79 /* CalendarTool.swift */,
				67435A2C2EEA2F027D2B6C04 /* DocumentCreationTool.swift */,
				75DB85FE671679CC79171479 /* DocumentTool.swift */,
				C33F6113F53C2CAE604C9310 /* EmailTool.swift */,
				DC5D34E3563841F9E2F2E451 /* ImageTool.swift */,
				5880132E2174578548FB2932 /* LocationTool.swift */,
				FFE9654DA1CD3F16BFC35853 /* MemoryTool.swift */,
				A84C88D26C98CAFBFB9FD3F6 /* ReminderTool.swift */,
				49DA0E59907EE7697EAA3F9A /* TimeTool.swift */,
				AD3B0AAB3ABF8FCD9BA4851E /* ToolRouter.swift */,
				3D3E2BA418958C95D9109295 /* WebSearchTool.swift */,
			);
			path = Tools;
			sourceTree = "<group>";
		};
		9E5821F7FADF2694BFAAC915 /* Models */ = {
			isa = PBXGroup;
			children = (
				2E118EAE0DD05B5107F53A0C /* Conversation.swift */,
				DC501568DE5F36BD170337FE /* Document.swift */,
				059706D167AE90161AE2E017 /* MemoryFact.swift */,
				F173FBFAFC49B5F289E37163 /* Message.swift */,
				A649D3BF93F723817FE14125 /* ToolDefinition.swift */,
			);
			path = Models;
			sourceTree = "<group>";
		};
		A186AF3A5D7731D0FD3A0A63 /* Services */ = {
			isa = PBXGroup;
			children = (
				19D9A4B6E0DD04B8C6F40270 /* AudioPickerCoordinator.swift */,
				28974BE41C22B2470446198F /* AudioTranscriptionService.swift */,
				C3A5646A4DD527EE31619A76 /* ChunkingService.swift */,
				54257962ECDB8BF018F3E696 /* ContextCompactor.swift */,
				B3420751E02D12CD0CD0B2EC /* DocumentCreationService.swift */,
				7205EF2002CB0EBD57C30732 /* DocumentParser.swift */,
				9DB34A0BA0B6247F455E7DDC /* DocumentService.swift */,
				87EE384DA256C0C4EEA8B6AA /* DocumentServiceEnvironment.swift */,
				6D65EF0FDDB71CAADF35D8AF /* DocumentShareCoordinator.swift */,
				2F41109C84258340BDDCCC58 /* EmailComposerCoordinator.swift */,
				D7BDD8CA3DDA7016F15C4B54 /* EmbeddingService.swift */,
				7F490BBB2A547579EF1D4DC2 /* ImagePickerCoordinator.swift */,
				A3A746C7B2DCC3519B1562C1 /* JarvisEngine.swift */,
				5051B58B4D9BD7E94DD9C8A0 /* LLMService.swift */,
				214E51309EC1F3CDA5C3B2DB /* MemoryService.swift */,
				BFBEA5D7B2A53A1A4477DCF0 /* SpeechService.swift */,
				4C71ECF4A58C825201C44F8A /* VectorStore.swift */,
				CBEE61F8DB9D9D9AC8F89CC0 /* VisionService.swift */,
				3B2456C7B4EDF31DAF3B889D /* WebSearchService.swift */,
				D62996A8B9CC31A82937FA93 /* ZipBuilder.swift */,
			);
			path = Services;
			sourceTree = "<group>";
		};
		B450B0C9F46E4F66C42C817F /* Theme */ = {
			isa = PBXGroup;
			children = (
				81F8A1C90237DBD41A5BA8BF /* JarvisTheme.swift */,
			);
			path = Theme;
			sourceTree = "<group>";
		};
		BA25FDB5D10D2581164C3674 /* Resources */ = {
			isa = PBXGroup;
			children = (
				427F7DCD7749159168D9DAAB /* Info.plist */,
				4A352BDE39A07FA6C676F274 /* Jarvis.entitlements */,
			);
			path = Resources;
			sourceTree = "<group>";
		};
		BC0DCAC9B7584481D8C65021 = {
			isa = PBXGroup;
			children = (
				FC737B8F8A91C66ADA6702EE /* Jarvis */,
				7370B301BC3824D8E135198C /* Products */,
			);
			sourceTree = "<group>";
		};
		F96B9C85D619BA1AC493B774 /* Views */ = {
			isa = PBXGroup;
			children = (
				91D51D624A163F1785F8519A /* ActivityView.swift */,
				EBFA80BD6EA3F3604BC84335 /* AudioPickerView.swift */,
				52C97D9D656CE3FB017FE70C /* ChatView.swift */,
				54BA3851E3D6DFA92BE9FD98 /* ContentView.swift */,
				71DFB1B2299B73CC8B1B6883 /* ConversationDetailView.swift */,
				38FF8A90164BB1D9748E04F7 /* ConversationListView.swift */,
				2B9AE61C4B710AC3F12B3332 /* DocumentListView.swift */,
				19485AF578580DA0D0B6CD6B /* DocumentPickerView.swift */,
				B3593DD3273B37DE7E66C9DD /* DocumentScannerView.swift */,
				D654D38FBE6B04E4F2876A21 /* EmailComposerView.swift */,
				901629C84C189F2D805B2E35 /* ImagePickerView.swift */,
				8D26EF0B9067252FC55BCBB4 /* JarvisHeader.swift */,
				EFF97E7296E13043FF773810 /* MessageBubble.swift */,
				36CBF3A331A0BBF5823EE8C0 /* ModelDownloadView.swift */,
				34B6FF0D28D719E0B3F6E42F /* SettingsView.swift */,
				170B79DF1A4BE13683A631F3 /* ThinkingIndicator.swift */,
				75215A3F3CE863FAF3C4B754 /* VoiceButton.swift */,
			);
			path = Views;
			sourceTree = "<group>";
		};
		FC737B8F8A91C66ADA6702EE /* Jarvis */ = {
			isa = PBXGroup;
			children = (
				BD65447B9E4C38A85B4132FD /* JarvisApp.swift */,
				9E5821F7FADF2694BFAAC915 /* Models */,
				BA25FDB5D10D2581164C3674 /* Resources */,
				A186AF3A5D7731D0FD3A0A63 /* Services */,
				655EF0ED4FB88013C7C56117 /* Siri */,
				B450B0C9F46E4F66C42C817F /* Theme */,
				7C6463A30523FFEE2460D0DD /* Tools */,
				F96B9C85D619BA1AC493B774 /* Views */,
			);
			path = Jarvis;
			sourceTree = "<group>";
		};
/* End PBXGroup section */

/* Begin PBXNativeTarget section */
		461D90920FCD8CAF83348871 /* Jarvis */ = {
			isa = PBXNativeTarget;
			buildConfigurationList = B6D5E915E8E9BDF0BF748745 /* Build configuration list for PBXNativeTarget "Jarvis" */;
			buildPhases = (
				E0992BE4761F337F2AC5BF62 /* Sources */,
				886D43D159942AB5C149B33B /* Frameworks */,
			);
			buildRules = (
			);
			dependencies = (
			);
			name = Jarvis;
			packageProductDependencies = (
				ED2F325EF8FEEC5B4FB93218 /* MLXLLM */,
				57C1372CE597D71C2D59AD2A /* MLXLMCommon */,
				42CA3C53783E6329165530EA /* MLXEmbedders */,
			);
			productName = Jarvis;
			productReference = F2EA89B09E63D9954B6EA5A4 /* Jarvis.app */;
			productType = "com.apple.product-type.application";
		};
/* End PBXNativeTarget section */

/* Begin PBXProject section */
		33E99CF1F5349721FD0BB40B /* Project object */ = {
			isa = PBXProject;
			attributes = {
				BuildIndependentTargetsInParallel = YES;
				LastUpgradeCheck = 1430;
				TargetAttributes = {
					461D90920FCD8CAF83348871 = {
						ProvisioningStyle = Automatic;
					};
				};
			};
			buildConfigurationList = 5FF39917AC552CB1A0BD9FBA /* Build configuration list for PBXProject "Jarvis" */;
			developmentRegion = it;
			hasScannedForEncodings = 0;
			knownRegions = (
				Base,
				it,
			);
			mainGroup = BC0DCAC9B7584481D8C65021;
			minimizedProjectReferenceProxies = 1;
			packageReferences = (
				A0FCF8947EAB017C4AFE2F9D /* XCRemoteSwiftPackageReference "mlx-swift-lm" */,
			);
			preferredProjectObjectVersion = 77;
			productRefGroup = 7370B301BC3824D8E135198C /* Products */;
			projectDirPath = "";
			projectRoot = "";
			targets = (
				461D90920FCD8CAF83348871 /* Jarvis */,
			);
		};
/* End PBXProject section */

/* Begin PBXSourcesBuildPhase section */
		E0992BE4761F337F2AC5BF62 /* Sources */ = {
			isa = PBXSourcesBuildPhase;
			buildActionMask = 2147483647;
			files = (
				DEB6ABCF6D7C493F0B40CB20 /* ActivityView.swift in Sources */,
				FA408923FAEC4E7870E46883 /* AskJarvisIntent.swift in Sources */,
				E8D11996E38C1FBAAC0DFCA2 /* AudioPickerCoordinator.swift in Sources */,
				DDD5EB2D0668FC5DB09FED11 /* AudioPickerView.swift in Sources */,
				5108339F016F9002AA9AACCF /* AudioTool.swift in Sources */,
				A3DC4263CF9E316AA537EE08 /* AudioTranscriptionService.swift in Sources */,
				277766E046DBB597B6F2BFF7 /* CalendarTool.swift in Sources */,
				A35FE976E6991768E720D34A /* ChatView.swift in Sources */,
				E0DA5A93571D592CA0E055B9 /* ChunkingService.swift in Sources */,
				5386C84075EBD89BA2B6F46A /* ContentView.swift in Sources */,
				CA44640F5F81EFA3EF44C322 /* ContextCompactor.swift in Sources */,
				6D3E7C32422D78969D65AE92 /* Conversation.swift in Sources */,
				72EAB692F9EC0E43F53F5A08 /* ConversationDetailView.swift in Sources */,
				E24F669D1A4FF6BAF39B80E5 /* ConversationListView.swift in Sources */,
				DAB9C1611BEB7110D794290B /* Document.swift in Sources */,
				59EABDA8C51664C693C5E757 /* DocumentCreationService.swift in Sources */,
				F43FCEAE7D915F9F9BAD308C /* DocumentCreationTool.swift in Sources */,
				19967055A59C652EA40CA09A /* DocumentListView.swift in Sources */,
				38E68D74FA538312D32BD8EE /* DocumentParser.swift in Sources */,
				0BF44BB80A5BA8A339D559A4 /* DocumentPickerView.swift in Sources */,
				31AD6179BBB7C8BF1D280203 /* DocumentScannerView.swift in Sources */,
				133D3EDA99E8A90950289E92 /* DocumentService.swift in Sources */,
				16CCE5916005E445CD69E3A0 /* DocumentServiceEnvironment.swift in Sources */,
				3727E186691CADB01AC700E5 /* DocumentShareCoordinator.swift in Sources */,
				61322F59A31B63872D6B778E /* DocumentTool.swift in Sources */,
				0EA746FBCFF68C5F633ED0FA /* EmailComposerCoordinator.swift in Sources */,
				5EC48A7BDAD43662F0DBDE6A /* EmailComposerView.swift in Sources */,
				D28EF35C96CC935E3F68725D /* EmailTool.swift in Sources */,
				41EB2899BEAFC4FF0DFADB03 /* EmbeddingService.swift in Sources */,
				C4E177E9BAC77F62A21FAECF /* ImagePickerCoordinator.swift in Sources */,
				282EFC1771C6C1519A4D7AA4 /* ImagePickerView.swift in Sources */,
				711099D8C4BDC4E61ABC95E7 /* ImageTool.swift in Sources */,
				5E25349CC3262A18DE554A01 /* JarvisApp.swift in Sources */,
				557FCB25CD34338A3935F94C /* JarvisEngine.swift in Sources */,
				180922CF90CCD136C784FE3E /* JarvisHeader.swift in Sources */,
				7612B4F800909A33E114278D /* JarvisShortcuts.swift in Sources */,
				138B41844C344BD8E12ED3CB /* JarvisTheme.swift in Sources */,
				371665BF153560F5DD787489 /* LLMService.swift in Sources */,
				5F54B61BC23552E2E2FACD69 /* LocationTool.swift in Sources */,
				85C635DDCEC094883E8B9740 /* MemoryFact.swift in Sources */,
				23C6774D0013807D7FF36AC1 /* MemoryService.swift in Sources */,
				5D360C65E80E66CF42AF2035 /* MemoryTool.swift in Sources */,
				7F0D20DCEFD8DBC4DBA7E327 /* Message.swift in Sources */,
				6085D4A2AD210B0614B4680D /* MessageBubble.swift in Sources */,
				15F7DFF656BD6EE4C839A9E5 /* ModelDownloadView.swift in Sources */,
				AB2B1311C63A0BC05EF77A28 /* QuestionEntity.swift in Sources */,
				7FC97AC7FFDE6B6C4603CEC3 /* ReminderTool.swift in Sources */,
				B5C2393CF15932B00485F875 /* SettingsView.swift in Sources */,
				AC79B7F75D178940193FEAFB /* SpeechService.swift in Sources */,
				F19D81EBA332CF268E1F20D2 /* ThinkingIndicator.swift in Sources */,
				7F8B70C66C8A1F09AD4A26C6 /* TimeTool.swift in Sources */,
				EDCBDADAA74918C8DBC039DA /* ToolDefinition.swift in Sources */,
				EA01A07593B83F776D9E2A5C /* ToolRouter.swift in Sources */,
				D0B9ECBC49DCA5C8F500DD9A /* VectorStore.swift in Sources */,
				15F0DA220592964414581BE6 /* VisionService.swift in Sources */,
				7D36750BFAD66DEF63488479 /* VoiceButton.swift in Sources */,
				DDC9BDB2FF483E4EDFDF7F96 /* WebSearchService.swift in Sources */,
				B7827A91203E5732CF30B6E7 /* WebSearchTool.swift in Sources */,
				68B252B669C7C30FECF5D542 /* ZipBuilder.swift in Sources */,
			);
			runOnlyForDeploymentPostprocessing = 0;
		};
/* End PBXSourcesBuildPhase section */

/* Begin XCBuildConfiguration section */
		06169DA02795A8ED87F6F021 /* Debug */ = {
			isa = XCBuildConfiguration;
			buildSettings = {
				ASSETCATALOG_COMPILER_APPICON_NAME = AppIcon;
				CODE_SIGN_ENTITLEMENTS = Jarvis/Resources/Jarvis.entitlements;
				CODE_SIGN_IDENTITY = "iPhone Developer";
				CODE_SIGN_STYLE = Automatic;
				DEVELOPMENT_TEAM = P38P45S97U;
				INFOPLIST_FILE = Jarvis/Resources/Info.plist;
				IPHONEOS_DEPLOYMENT_TARGET = 17.0;
				LD_RUNPATH_SEARCH_PATHS = (
					"$(inherited)",
					"@executable_path/Frameworks",
				);
				PRODUCT_BUNDLE_IDENTIFIER = com.jarvisprivate.app;
				SDKROOT = iphoneos;
				TARGETED_DEVICE_FAMILY = "1,2";
			};
			name = Debug;
		};
		8A75D86FEE135E74011AB6D2 /* Debug */ = {
			isa = XCBuildConfiguration;
			buildSettings = {
				ALWAYS_SEARCH_USER_PATHS = NO;
				CLANG_ANALYZER_NONNULL = YES;
				CLANG_ANALYZER_NUMBER_OBJECT_CONVERSION = YES_AGGRESSIVE;
				CLANG_CXX_LANGUAGE_STANDARD = "gnu++14";
				CLANG_CXX_LIBRARY = "libc++";
				CLANG_ENABLE_MODULES = YES;
				CLANG_ENABLE_OBJC_ARC = YES;
				CLANG_ENABLE_OBJC_WEAK = YES;
				CLANG_WARN_BLOCK_CAPTURE_AUTORELEASING = YES;
				CLANG_WARN_BOOL_CONVERSION = YES;
				CLANG_WARN_COMMA = YES;
				CLANG_WARN_CONSTANT_CONVERSION = YES;
				CLANG_WARN_DEPRECATED_OBJC_IMPLEMENTATIONS = YES;
				CLANG_WARN_DIRECT_OBJC_ISA_USAGE = YES_ERROR;
				CLANG_WARN_DOCUMENTATION_COMMENTS = YES;
				CLANG_WARN_EMPTY_BODY = YES;
				CLANG_WARN_ENUM_CONVERSION = YES;
				CLANG_WARN_INFINITE_RECURSION = YES;
				CLANG_WARN_INT_CONVERSION = YES;
				CLANG_WARN_NON_LITERAL_NULL_CONVERSION = YES;
				CLANG_WARN_OBJC_IMPLICIT_RETAIN_SELF = YES;
				CLANG_WARN_OBJC_LITERAL_CONVERSION = YES;
				CLANG_WARN_OBJC_ROOT_CLASS = YES_ERROR;
				CLANG_WARN_QUOTED_INCLUDE_IN_FRAMEWORK_HEADER = YES;
				CLANG_WARN_RANGE_LOOP_ANALYSIS = YES;
				CLANG_WARN_STRICT_PROTOTYPES = YES;
				CLANG_WARN_SUSPICIOUS_MOVE = YES;
				CLANG_WARN_UNGUARDED_AVAILABILITY = YES_AGGRESSIVE;
				CLANG_WARN_UNREACHABLE_CODE = YES;
				CLANG_WARN__DUPLICATE_METHOD_MATCH = YES;
				COPY_PHASE_STRIP = NO;
				DEBUG_INFORMATION_FORMAT = dwarf;
				ENABLE_STRICT_OBJC_MSGSEND = YES;
				ENABLE_TESTABILITY = YES;
				ENABLE_USER_SCRIPT_SANDBOXING = NO;
				GCC_C_LANGUAGE_STANDARD = gnu11;
				GCC_DYNAMIC_NO_PIC = NO;
				GCC_NO_COMMON_BLOCKS = YES;
				GCC_OPTIMIZATION_LEVEL = 0;
				GCC_PREPROCESSOR_DEFINITIONS = (
					"$(inherited)",
					"DEBUG=1",
				);
				GCC_WARN_64_TO_32_BIT_CONVERSION = YES;
				GCC_WARN_ABOUT_RETURN_TYPE = YES_ERROR;
				GCC_WARN_UNDECLARED_SELECTOR = YES;
				GCC_WARN_UNINITIALIZED_AUTOS = YES_AGGRESSIVE;
				GCC_WARN_UNUSED_FUNCTION = YES;
				GCC_WARN_UNUSED_VARIABLE = YES;
				IPHONEOS_DEPLOYMENT_TARGET = 17.0;
				MTL_ENABLE_DEBUG_INFO = INCLUDE_SOURCE;
				MTL_FAST_MATH = YES;
				ONLY_ACTIVE_ARCH = YES;
				PRODUCT_NAME = "$(TARGET_NAME)";
				SDKROOT = iphoneos;
				SWIFT_ACTIVE_COMPILATION_CONDITIONS = DEBUG;
				SWIFT_OPTIMIZATION_LEVEL = "-Onone";
				SWIFT_STRICT_CONCURRENCY = complete;
				SWIFT_VERSION = 5.9;
				TARGETED_DEVICE_FAMILY = 1;
			};
			name = Debug;
		};
		B81D099211BB3784F907E95C /* Release */ = {
			isa = XCBuildConfiguration;
			buildSettings = {
				ASSETCATALOG_COMPILER_APPICON_NAME = AppIcon;
				CODE_SIGN_ENTITLEMENTS = Jarvis/Resources/Jarvis.entitlements;
				CODE_SIGN_IDENTITY = "iPhone Developer";
				CODE_SIGN_STYLE = Automatic;
				DEVELOPMENT_TEAM = P38P45S97U;
				INFOPLIST_FILE = Jarvis/Resources/Info.plist;
				IPHONEOS_DEPLOYMENT_TARGET = 17.0;
				LD_RUNPATH_SEARCH_PATHS = (
					"$(inherited)",
					"@executable_path/Frameworks",
				);
				PRODUCT_BUNDLE_IDENTIFIER = com.jarvisprivate.app;
				SDKROOT = iphoneos;
				TARGETED_DEVICE_FAMILY = "1,2";
			};
			name = Release;
		};
		CA2EDC6435E5128E90920A00 /* Release */ = {
			isa = XCBuildConfiguration;
			buildSettings = {
				ALWAYS_SEARCH_USER_PATHS = NO;
				CLANG_ANALYZER_NONNULL = YES;
				CLANG_ANALYZER_NUMBER_OBJECT_CONVERSION = YES_AGGRESSIVE;
				CLANG_CXX_LANGUAGE_STANDARD = "gnu++14";
				CLANG_CXX_LIBRARY = "libc++";
				CLANG_ENABLE_MODULES = YES;
				CLANG_ENABLE_OBJC_ARC = YES;
				CLANG_ENABLE_OBJC_WEAK = YES;
				CLANG_WARN_BLOCK_CAPTURE_AUTORELEASING = YES;
				CLANG_WARN_BOOL_CONVERSION = YES;
				CLANG_WARN_COMMA = YES;
				CLANG_WARN_CONSTANT_CONVERSION = YES;
				CLANG_WARN_DEPRECATED_OBJC_IMPLEMENTATIONS = YES;
				CLANG_WARN_DIRECT_OBJC_ISA_USAGE = YES_ERROR;
				CLANG_WARN_DOCUMENTATION_COMMENTS = YES;
				CLANG_WARN_EMPTY_BODY = YES;
				CLANG_WARN_ENUM_CONVERSION = YES;
				CLANG_WARN_INFINITE_RECURSION = YES;
				CLANG_WARN_INT_CONVERSION = YES;
				CLANG_WARN_NON_LITERAL_NULL_CONVERSION = YES;
				CLANG_WARN_OBJC_IMPLICIT_RETAIN_SELF = YES;
				CLANG_WARN_OBJC_LITERAL_CONVERSION = YES;
				CLANG_WARN_OBJC_ROOT_CLASS = YES_ERROR;
				CLANG_WARN_QUOTED_INCLUDE_IN_FRAMEWORK_HEADER = YES;
				CLANG_WARN_RANGE_LOOP_ANALYSIS = YES;
				CLANG_WARN_STRICT_PROTOTYPES = YES;
				CLANG_WARN_SUSPICIOUS_MOVE = YES;
				CLANG_WARN_UNGUARDED_AVAILABILITY = YES_AGGRESSIVE;
				CLANG_WARN_UNREACHABLE_CODE = YES;
				CLANG_WARN__DUPLICATE_METHOD_MATCH = YES;
				COPY_PHASE_STRIP = NO;
				DEBUG_INFORMATION_FORMAT = "dwarf-with-dsym";
				ENABLE_NS_ASSERTIONS = NO;
				ENABLE_STRICT_OBJC_MSGSEND = YES;
				ENABLE_USER_SCRIPT_SANDBOXING = NO;
				GCC_C_LANGUAGE_STANDARD = gnu11;
				GCC_NO_COMMON_BLOCKS = YES;
				GCC_WARN_64_TO_32_BIT_CONVERSION = YES;
				GCC_WARN_ABOUT_RETURN_TYPE = YES_ERROR;
				GCC_WARN_UNDECLARED_SELECTOR = YES;
				GCC_WARN_UNINITIALIZED_AUTOS = YES_AGGRESSIVE;
				GCC_WARN_UNUSED_FUNCTION = YES;
				GCC_WARN_UNUSED_VARIABLE = YES;
				IPHONEOS_DEPLOYMENT_TARGET = 17.0;
				MTL_ENABLE_DEBUG_INFO = NO;
				MTL_FAST_MATH = YES;
				PRODUCT_NAME = "$(TARGET_NAME)";
				SDKROOT = iphoneos;
				SWIFT_COMPILATION_MODE = wholemodule;
				SWIFT_OPTIMIZATION_LEVEL = "-O";
				SWIFT_STRICT_CONCURRENCY = complete;
				SWIFT_VERSION = 5.9;
				TARGETED_DEVICE_FAMILY = 1;
			};
			name = Release;
		};
/* End XCBuildConfiguration section */

/* Begin XCConfigurationList section */
		5FF39917AC552CB1A0BD9FBA /* Build configuration list for PBXProject "Jarvis" */ = {
			isa = XCConfigurationList;
			buildConfigurations = (
				8A75D86FEE135E74011AB6D2 /* Debug */,
				CA2EDC6435E5128E90920A00 /* Release */,
			);
			defaultConfigurationIsVisible = 0;
			defaultConfigurationName = Debug;
		};
		B6D5E915E8E9BDF0BF748745 /* Build configuration list for PBXNativeTarget "Jarvis" */ = {
			isa = XCConfigurationList;
			buildConfigurations = (
				06169DA02795A8ED87F6F021 /* Debug */,
				B81D099211BB3784F907E95C /* Release */,
			);
			defaultConfigurationIsVisible = 0;
			defaultConfigurationName = Debug;
		};
/* End XCConfigurationList section */

/* Begin XCRemoteSwiftPackageReference section */
		A0FCF8947EAB017C4AFE2F9D /* XCRemoteSwiftPackageReference "mlx-swift-lm" */ = {
			isa = XCRemoteSwiftPackageReference;
			repositoryURL = "https://github.com/ml-explore/mlx-swift-lm";
			requirement = {
				branch = main;
				kind = branch;
			};
		};
/* End XCRemoteSwiftPackageReference section */

/* Begin XCSwiftPackageProductDependency section */
		42CA3C53783E6329165530EA /* MLXEmbedders */ = {
			isa = XCSwiftPackageProductDependency;
			package = A0FCF8947EAB017C4AFE2F9D /* XCRemoteSwiftPackageReference "mlx-swift-lm" */;
			productName = MLXEmbedders;
		};
		57C1372CE597D71C2D59AD2A /* MLXLMCommon */ = {
			isa = XCSwiftPackageProductDependency;
			package = A0FCF8947EAB017C4AFE2F9D /* XCRemoteSwiftPackageReference "mlx-swift-lm" */;
			productName = MLXLMCommon;
		};
		ED2F325EF8FEEC5B4FB93218 /* MLXLLM */ = {
			isa = XCSwiftPackageProductDependency;
			package = A0FCF8947EAB017C4AFE2F9D /* XCRemoteSwiftPackageReference "mlx-swift-lm" */;
			productName = MLXLLM;
		};
/* End XCSwiftPackageProductDependency section */
	};
	rootObject = 33E99CF1F5349721FD0BB40B /* Project object */;
}
